version = 1
revision = 3
requires-python = "==3.12.*"

[[package]]
name = "certifi"
version = "2026.7.22"
source = { registry = "https://pypi.org/simple" }
sdist = { url = "https://files.pythonhosted.org/packages/a3/c2/24167ea9858356b47a87a50d39908bfdb72ceeefe0041586e704e5376b3a/certifi-2026.7.22.tar.gz", hash = "sha256:741e2c3b351ddf169a738da9f2c048608ff7f2c5cc02f1ebc6b118bb090d5d55", size = 138112, upload-time = "2026-07-22T03:35:12.644Z" }
wheels = [
    { url = "https://files.pythonhosted.org/packages/0b/a7/71ac2cff56fec219ed242bb11b8efb69fcc4bec75db06fb7bfe35de520e6/certifi-2026.7.22-py3-none-any.whl", hash = "sha256:62f22742b58a1a33014a2b6b706588a8d7e2a88ae7bd1a6ebe8c992928483775", size = 136983, upload-time = "2026-07-22T03:35:11.276Z" },
]

[[package]]
name = "charset-normalizer"
version = "3.4.9"
source = { registry = "https://pypi.org/simple" }
sdist = { url = "https://files.pythonhosted.org/packages/bd/2a/23f34ec9d04624958e137efdc394888716353190e75f25dd22c7a2c7a8aa/charset_normalizer-3.4.9.tar.gz", hash = "sha256:673611bbd43f0810bec0b0f028ddeaaa501190339cac411f347ac76917c3ae7b", size = 152439, upload-time = "2026-07-07T14:34:58.454Z" }
wheels = [
    { url = "https://files.pythonhosted.org/packages/70/4a/ecbd131485c07fcdfad54e28946d513e3da22ef3b4bd854dcafae54ec739/charset_normalizer-3.4.9-cp312-cp312-macosx_10_13_universal2.whl", hash = "sha256:45b0cc4e3556cd875e09102988d1ab8356c998b596c9fced84547c8138b487a0", size = 319300, upload-time = "2026-07-07T14:33:15.666Z" },
    { url = "https://files.pythonhosted.org/packages/ec/96/5d9364e3342d69f3a045e1777bc47c85c383e6e9466d561b33fdb419d1f9/charset_normalizer-3.4.9-cp312-cp312-manylinux2014_aarch64.manylinux_2_17_aarch64.manylinux_2_28_aarch64.whl", hash = "sha256:9b2aff1c7b3884512b9512c3eaadd9bab39fb45042ffaaa1dd08ff2b9f8109d9", size = 215802, upload-time = "2026-07-07T14:33:17.031Z" },
    { url = "https://files.pythonhosted.org/packages/4b/4c/5361f9aa7f2cb58d94f2ab831b3d493f69efb1d239654b4744e3c09527cb/charset_normalizer-3.4.9-cp312-cp312-manylinux2014_ppc64le.manylinux_2_17_ppc64le.manylinux_2_28_ppc64le.whl", hash = "sha256:9104ed0bd76a429d46f9ec0dbc9b08ad1d2dcdf2b00a5a0daa1c145329b35b44", size = 237171, upload-time = "2026-07-07T14:33:18.576Z" },
    { url = "https://files.pythonhosted.org/packages/50/78/ce342ca4ff30b2eb49fe6d9578df85974f90c67d294113e94efdd9664cbd/charset_normalizer-3.4.9-cp312-cp312-manylinux2014_s390x.manylinux_2_17_s390x.manylinux_2_28_s390x.whl", hash = "sha256:7b86a2b16095d250c6f58b3d9b2eee6f4147754344f3dab0922f7c9bf7d226c9", size = 233075, upload-time = "2026-07-07T14:33:20.084Z" },
    { url = "https://files.pythonhosted.org/packages/01/c4/4fa4c8b3097a11f3c5f09a35b72ed6855fb1d332469504962ab7bafcc702/charset_normalizer-3.4.9-cp312-cp312-manylinux2014_x86_64.manylinux_2_17_x86_64.manylinux_2_28_x86_64.whl", hash = "sha256:5e226f6218febc71f6c1fc2fafb91c226f75bdc1d8fb12d66823716e891608fd", size = 224256, upload-time = "2026-07-07T14:33:21.747Z" },
    { url = "https://files.pythonhosted.org/packages/87/3a/ad914516df7e358a81aae018caa5e0470ba827fa6d763b1d2e87d920a5f6/charset_normalizer-3.4.9-cp312-cp312-manylinux_2_31_armv7l.whl", hash = "sha256:90c44bc373b7687f6948b693cceaea1348ae0975d7474746559494468e3c1d84", size = 208784, upload-time = "2026-07-07T14:33:23.313Z" },
    { url = "https://files.pythonhosted.org/packages/d7/74/3c12f9755717dfe5c5c87da63f35d765fa0c00382ec26bf23f7fae34f2ba/charset_normalizer-3.4.9-cp312-cp312-manylinux_2_31_riscv64.manylinux_2_39_riscv64.whl", hash = "sha256:9cdef90ae47919cae358d8ab15797a800ed41da7aba5d72419fb510729e2ed4b", size = 219928, upload-time = "2026-07-07T14:33:24.814Z" },
    { url = "https://files.pythonhosted.org/packages/33/9a/895095b83e7907abd6d3d99aad3a38ad0d9686cc186cb0c94c24320fe63e/charset_normalizer-3.4.9-cp312-cp312-musllinux_1_2_aarch64.whl", hash = "sha256:60f44ade2cf573dad7a277e6f8ca9a51a21dda572b13bd7d8539bb3cd5dbedde", size = 218489, upload-time = "2026-07-07T14:33:26.42Z" },
    { url = "https://files.pythonhosted.org/packages/a1/34/ef5c05f412f42520d7709b7d3784d19640839eb7366ded1755511585429f/charset_normalizer-3.4.9-cp312-cp312-musllinux_1_2_armv7l.whl", hash = "sha256:a1786910334ed46ab1dd73222f2cd1e05c2c3bb39f6dddb4f8b36fc382058a39", size = 210267, upload-time = "2026-07-07T14:33:27.952Z" },
    { url = "https://files.pythonhosted.org/packages/83/dc/9b29fa4412b318bf3bfea985c35d67eb55e04b59a7c3f2237168b0e0be6f/charset_normalizer-3.4.9-cp312-cp312-musllinux_1_2_x86_64.whl", hash = "sha256:03d07803992c6c7bbc976327f34b18b6160327fc81cb82c9d504720ac0be3b62", size = 226030, upload-time = "2026-07-07T14:33:29.397Z" },
    { url = "https://files.pythonhosted.org/packages/0e/42/6dbc00b8cd16011691203e33570fa42ed5746599a2e878112d16eab403a3/charset_normalizer-3.4.9-cp312-cp312-win32.whl", hash = "sha256:78841cccf1af7b40f6f716338d50c0902dbe88d9f800b3c973b7a9a0a693a642", size = 151185, upload-time = "2026-07-07T14:33:30.781Z" },
    { url = "https://files.pythonhosted.org/packages/80/cc/f920afd1a23c58ccd53c1d36085a71893a4737ff5e66e0371efab6809850/charset_normalizer-3.4.9-cp312-cp312-win_amd64.whl", hash = "sha256:4b3dac63058cc36820b0dd072f89898604e2d39686fe05321729d00d8ac185a0", size = 162557, upload-time = "2026-07-07T14:33:32.176Z" },
    { url = "https://files.pythonhosted.org/packages/f0/e6/0386d43a261ff4e4b30c5857af7df877254b46bec7b9d1b74b6bf969a90b/charset_normalizer-3.4.9-cp312-cp312-win_arm64.whl", hash = "sha256:78fa18e436a1a0e58dbd7e02fc4473f3f32cceb12df9dfca542d075961c307d2", size = 152665, upload-time = "2026-07-07T14:33:33.711Z" },
    { url = "https://files.pythonhosted.org/packages/98/2b/f97f1c193fb855c345d678f5077d6926034db0722df74c8f057020e05a25/charset_normalizer-3.4.9-py3-none-any.whl", hash = "sha256:68e5f26a1ad57ded6d1cfb85331d1c1a195314756471d97758c48498bb4dcdf5", size = 64538, upload-time = "2026-07-07T14:34:56.993Z" },
]

[[package]]
name = "colorama"
version = "0.4.6"
source = { registry = "https://pypi.org/simple" }
sdist = { url = "https://files.pythonhosted.org/packages/d8/53/6f443c9a4a8358a93a6792e2acffb9d9d5cb0a5cfd8802644b7b1c9a02e4/colorama-0.4.6.tar.gz", hash = "sha256:08695f5cb7ed6e0531a20572697297273c47b8cae5a63ffc6d6ed5c201be6e44", size = 27697, upload-time = "2022-10-25T02:36:22.414Z" }
wheels = [
    { url = "https://files.pythonhosted.org/packages/d1/d6/3965ed04c63042e047cb6a3e6ed1a63a35087b6a609aa3a15ed8ac56c221/colorama-0.4.6-py2.py3-none-any.whl", hash = "sha256:4f1d9991f5acc0ca119f9d443620b77f9d6b33703e51011c16baf57afb285fc6", size = 25335, upload-time = "2022-10-25T02:36:20.889Z" },
]

[[package]]
name = "googleapis-common-protos"
version = "1.75.0"
source = { registry = "https://pypi.org/simple" }
dependencies = [
    { name = "protobuf" },
]
sdist = { url = "https://files.pythonhosted.org/packages/b5/c8/f439cffde755cffa462bfbb156278fa6f9d09119719af9814b858fd4f81f/googleapis_common_protos-1.75.0.tar.gz", hash = "sha256:53a062ff3c32552fbd62c11fe23768b78e4ddf0494d5e5fd97d3f4689c75fbbd", size = 151035, upload-time = "2026-05-07T08:04:49.423Z" }
wheels = [
    { url = "https://files.pythonhosted.org/packages/e7/c8/e2645aa8ed02fd4c7a2f59d68783b65b1f3cbdfe39a6308e156509d1fee8/googleapis_common_protos-1.75.0-py3-none-any.whl", hash = "sha256:961ed60399c457ceb0ee8f285a84c870aabc9c6a832b9d37bb281b5bebde43ed", size = 300631, upload-time = "2026-05-07T08:03:30.345Z" },
]

[[package]]
name = "idna"
version = "3.18"
source = { registry = "https://pypi.org/simple" }
sdist = { url = "https://files.pythonhosted.org/packages/cd/63/9496c57188a2ee585e0f1db071d75089a11e98aa86eb99d9d7618fc1edce/idna-3.18.tar.gz", hash = "sha256:ffb385a7e039654cef1ab9ef32c6fafe283c0c0467bba1d9029738ce4a14a848", size = 196711, upload-time = "2026-06-02T14:34:07.794Z" }
wheels = [
    { url = "https://files.pythonhosted.org/packages/1e/5e/d4e9f1a599fb8e573b7b87160658329fbf28d19eac2718f51fc3def3aa5a/idna-3.18-py3-none-any.whl", hash = "sha256:7f952cbe720b688055e3f87de14f5c3e5fdaa8bc3928985c4077ca689de849a2", size = 65455, upload-time = "2026-06-02T14:34:06.319Z" },
]

[[package]]
name = "iniconfig"
version = "2.3.0"
source = { registry = "https://pypi.org/simple" }
sdist = { url = "https://files.pythonhosted.org/packages/72/34/14ca021ce8e5dfedc35312d08ba8bf51fdd999c576889fc2c24cb97f4f10/iniconfig-2.3.0.tar.gz", hash = "sha256:c76315c77db068650d49c5b56314774a7804df16fee4402c1f19d6d15d8c4730", size = 20503, upload-time = "2025-10-18T21:55:43.219Z" }
wheels = [
    { url = "https://files.pythonhosted.org/packages/cb/b1/3846dd7f199d53cb17f49cba7e651e9ce294d8497c8c150530ed11865bb8/iniconfig-2.3.0-py3-none-any.whl", hash = "sha256:f631c04d2c48c52b84d0d0549c99ff3859c98df65b3101406327ecc7d53fbf12", size = 7484, upload-time = "2025-10-18T21:55:41.639Z" },
]

[[package]]
name = "openinference-instrumentation"
version = "0.1.54"
source = { registry = "https://pypi.org/simple" }
dependencies = [
    { name = "openinference-semantic-conventions" },
    { name = "opentelemetry-api" },
    { name = "opentelemetry-sdk" },
    { name = "wrapt" },
]
sdist = { url = "https://files.pythonhosted.org/packages/c1/cc/62c1175ee7edc2cbdf95b5b73e0b0f305e759d407bf1bc353ff30a763365/openinference_instrumentation-0.1.54.tar.gz", hash = "sha256:9af9817bb38816ed32856fb4cd813c1a5d9f530ab589c3473b37e06cf406ab28", size = 33938, upload-time = "2026-06-30T19:23:15.648Z" }
wheels = [
    { url = "https://files.pythonhosted.org/packages/38/e3/c7aa7bb4845e0cfdf477ff87f9a3ec0cd2aa55a34a9f31be84d724cabbb7/openinference_instrumentation-0.1.54-py3-none-any.whl", hash = "sha256:8bc991865c90c804ac9983ef93aa6081a7a2397dd113d3d38b5465cca17892bb", size = 41197, upload-time = "2026-06-30T19:23:14.315Z" },
]

[[package]]
name = "openinference-semantic-conventions"
version = "0.1.30"
source = { registry = "https://pypi.org/simple" }
sdist = { url = "https://files.pythonhosted.org/packages/2c/51/8ba1182ee86fc79793d5ff2d11e7fdcda10ded2d01f3e46ca6fcf0568213/openinference_semantic_conventions-0.1.30.tar.gz", hash = "sha256:81fece76e09c83789e35c393b8b30523481eeabf1008745b955631a53e3221d9", size = 13391, upload-time = "2026-05-22T21:10:44.065Z" }
wheels = [
    { url = "https://files.pythonhosted.org/packages/b6/76/5b7e78cf0de38589b821bbe8e9c29c59a6e76edfb980488d0854cbb90f7c/openinference_semantic_conventions-0.1.30-py3-none-any.whl", hash = "sha256:36d946d3f95f699b7c4b12324ae9c1f02d6c7750df11eece56aa159cff430b3d", size = 10911, upload-time = "2026-05-22T21:10:43.04Z" },
]

[[package]]
name = "opentelemetry-api"
version = "1.43.0"
source = { registry = "https://pypi.org/simple" }
dependencies = [
    { name = "typing-extensions" },
]
sdist = { url = "https://files.pythonhosted.org/packages/ae/cc/e4c9584181f86494df0f6bdec1a4f3280c50db44704dc2a407e994fc87bb/opentelemetry_api-1.43.0.tar.gz", hash = "sha256:107d0d03857ea8fc7c5fcbbbd83f800c281f0d560553d61c1d675fccfd1761c1", size = 73476, upload-time = "2026-06-24T15:19:55.323Z" }
wheels = [
    { url = "https://files.pythonhosted.org/packages/17/83/6dba32b85f31868400440dc7ad2ca1eab94cbbf3a7b0459ed39f8311a9e2/opentelemetry_api-1.43.0-py3-none-any.whl", hash = "sha256:20acf45e9b21851926835292e4045d290acade1edd2ff3de86d2f069687ba1fd", size = 61912, upload-time = "2026-06-24T15:19:35.434Z" },
]

[[package]]
name = "opentelemetry-exporter-otlp-proto-common"
version = "1.43.0"
source = { registry = "https://pypi.org/simple" }
dependencies = [
    { name = "opentelemetry-proto" },
]
sdist = { url = "https://files.pythonhosted.org/packages/55/c1/e8098490ab15abf116dcaf9fa89ededcb35547c7d08d4b5a62f573dc1e63/opentelemetry_exporter_otlp_proto_common-1.43.0.tar.gz", hash = "sha256:c4e32ba6d6b13bdb2b8f6764c4fd28d00192826561aa04f6d14eedfce7ac076f", size = 20197, upload-time = "2026-06-24T15:20:00.247Z" }
wheels = [
    { url = "https://files.pythonhosted.org/packages/d0/b2/41ebc74ae1d5859901f1b69305de58724bf043381103d6ef413521cbc35a/opentelemetry_exporter_otlp_proto_common-1.43.0-py3-none-any.whl", hash = "sha256:123c3f9cc87218562490c63b36f497bf3a722faf174a515d1443f31ababa6264", size = 17048, upload-time = "2026-06-24T15:19:41.264Z" },
]

[[package]]
name = "opentelemetry-exporter-otlp-proto-http"
version = "1.43.0"
source = { registry = "https://pypi.org/simple" }
dependencies = [
    { name = "googleapis-common-protos" },
    { name = "opentelemetry-api" },
    { name = "opentelemetry-exporter-otlp-proto-common" },
    { name = "opentelemetry-proto" },
    { name = "opentelemetry-sdk" },
    { name = "requests" },
    { name = "typing-extensions" },
]
sdist = { url = "https://files.pythonhosted.org/packages/fc/92/0b9f56412483a8891d4843890294796c9df8ab42417bd9bad8035d840cb3/opentelemetry_exporter_otlp_proto_http-1.43.0.tar.gz", hash = "sha256:fa8a42bb7d00ee5391f4c0b04d8e6a46c03caa437903296ab73a81dc11ba118f", size = 25406, upload-time = "2026-06-24T15:20:01.515Z" }
wheels = [
    { url = "https://files.pythonhosted.org/packages/b3/20/b685ed7af2e17c29ffc8af56f1fa8bc2033258fc30fb0d2b722f49d13ba0/opentelemetry_exporter_otlp_proto_http-1.43.0-py3-none-any.whl", hash = "sha256:647f603aa8efdbdb4dbff842e0729d0406a6fff26b295a72d3d60e7d963b2610", size = 21795, upload-time = "2026-06-24T15:19:43.164Z" },
]

[[package]]
name = "opentelemetry-proto"
version = "1.43.0"
source = { registry = "https://pypi.org/simple" }
dependencies = [
    { name = "protobuf" },
]
sdist = { url = "https://files.pythonhosted.org/packages/e0/b9/d357faefb40bda1d4799913e6af611171ff22a2dedcb93576bc92242d056/opentelemetry_proto-1.43.0.tar.gz", hash = "sha256:224778df17e1f3fafeaaa21d874236ca5f6ffc2f86e0899298ec7351aac27924", size = 46481, upload-time = "2026-06-24T15:20:07.625Z" }
wheels = [
    { url = "https://files.pythonhosted.org/packages/ed/a7/3e5308cf548b8f72529c7db1afdb3a404211982376a12927fd7759f77bf3/opentelemetry_proto-1.43.0-py3-none-any.whl", hash = "sha256:c58f1f7ef84bc7dc2834016c0c37fe0081dde7ca9f6339be1970fbf9cdaaa90d", size = 72489, upload-time = "2026-06-24T15:19:51.164Z" },
]

[[package]]
name = "opentelemetry-sdk"
version = "1.43.0"
source = { registry = "https://pypi.org/simple" }
dependencies = [
    { name = "opentelemetry-api" },
    { name = "opentelemetry-semantic-conventions" },
    { name = "typing-extensions" },
]
sdist = { url = "https://files.pythonhosted.org/packages/3e/eb/5041074274ac0956b03637cc039d434569112468e875eddfcc9a0674ce06/opentelemetry_sdk-1.43.0.tar.gz", hash = "sha256:d8187c81c162df9913e4003dd6485f7390d9a24fc17026ec7387b8b8218b08e9", size = 254744, upload-time = "2026-06-24T15:20:08.467Z" }
wheels = [
    { url = "https://files.pythonhosted.org/packages/49/e3/b17be23af124201c9f52eececd4cc8ddfed1597d37b4ee771895d325805c/opentelemetry_sdk-1.43.0-py3-none-any.whl", hash = "sha256:d1323a547c1ce69d6a069a17a44b7da82bb8b332051ecb074041f87642c86823", size = 178852, upload-time = "2026-06-24T15:19:52.169Z" },
]

[[package]]
name = "opentelemetry-semantic-conventions"
version = "0.64b0"
source = { registry = "https://pypi.org/simple" }
dependencies = [
    { name = "opentelemetry-api" },
    { name = "typing-extensions" },
]
sdist = { url = "https://files.pythonhosted.org/packages/5a/30/5f26df29509eccd86b99b481ac9ffa39da49ba9577cc69071c552ae30447/opentelemetry_semantic_conventions-0.64b0.tar.gz", hash = "sha256:72f76fb2d1582d9d033dd1fcd84532e961e6ff3d90d24ba6fabc72975a83864c", size = 148340, upload-time = "2026-06-24T15:20:09.267Z" }
wheels = [
    { url = "https://files.pythonhosted.org/packages/f2/ca/23ba87a221b574a7c5a99d48849d80bfe8b047624681357e2b002e566187/opentelemetry_semantic_conventions-0.64b0-py3-none-any.whl", hash = "sha256:ea77e85e354b8f604ddbe5f3d9135216f982fa4d77e5859ac30f6d8a50505aa6", size = 203713, upload-time = "2026-06-24T15:19:53.339Z" },
]

[[package]]
name = "packaging"
version = "26.3"
source = { registry = "https://pypi.org/simple" }
sdist = { url = "https://files.pythonhosted.org/packages/7d/fa/3944b40b07da9ce895c0e6303a5ab7d53da063554f534556b134a54d6093/packaging-26.3.tar.gz", hash = "sha256:94edc256424af38762eb31306eed28beb9f0efc50a8837492c9d6fd6004aed79", size = 313412, upload-time = "2026-08-04T18:15:28.737Z" }
wheels = [
    { url = "https://files.pythonhosted.org/packages/63/34/ba1c580383c9eada3711951fef0795c80b829a078d72188184bcab9dd527/packaging-26.3-py3-none-any.whl", hash = "sha256:d7193f7c8e4e93f444fde0262bf90af30e16fa0ad0ad44cb553c87339b23cd1c", size = 129956, upload-time = "2026-08-04T18:15:27.159Z" },
]

[[package]]
name = "pluggy"
version = "1.6.0"
source = { registry = "https://pypi.org/simple" }
sdist = { url = "https://files.pythonhosted.org/packages/f9/e2/3e91f31a7d2b083fe6ef3fa267035b518369d9511ffab804f839851d2779/pluggy-1.6.0.tar.gz", hash = "sha256:7dcc130b76258d33b90f61b658791dede3486c3e6bfb003ee5c9bfb396dd22f3", size = 69412, upload-time = "2025-05-15T12:30:07.975Z" }
wheels = [
    { url = "https://files.pythonhosted.org/packages/54/20/4d324d65cc6d9205fabedc306948156824eb9f0ee1633355a8f7ec5c66bf/pluggy-1.6.0-py3-none-any.whl", hash = "sha256:e920276dd6813095e9377c0bc5566d94c932c33b27a3e3945d8389c374dd4746", size = 20538, upload-time = "2025-05-15T12:30:06.134Z" },
]

[[package]]
name = "protobuf"
version = "7.35.1"
source = { registry = "https://pypi.org/simple" }
sdist = { url = "https://files.pythonhosted.org/packages/da/01/9ef0afd7999eb9badb3a768b4aedd78c86d4c65cfaf1958ab276199e76b4/protobuf-7.35.1.tar.gz", hash = "sha256:ce115a26fe0c39a2c29973d914d327e516a6455464489fe3cd1e51a1b354f81a", size = 458717, upload-time = "2026-06-11T21:55:40.257Z" }
wheels = [
    { url = "https://files.pythonhosted.org/packages/10/03/8aeeb7458d22546bf64b5250ca1daeb5ff757d900e8e4a7476c6f0db843e/protobuf-7.35.1-cp310-abi3-macosx_10_9_universal2.whl", hash = "sha256:24f857477359a85c0c235261b8ba905fd51b2562f4a64ca1df5473f29850cbf6", size = 433226, upload-time = "2026-06-11T21:55:31.719Z" },
    { url = "https://files.pythonhosted.org/packages/37/4b/dfb89eb0e652a1ff073c39a59fb5e3a83cfe9b57a2c83fa6d78270101767/protobuf-7.35.1-cp310-abi3-manylinux2014_aarch64.whl", hash = "sha256:11d6b0ec246892d85215b0a13ca6e0233cf5284b68f0ac02646427f4ff88a799", size = 328847, upload-time = "2026-06-11T21:55:34.035Z" },
    { url = "https://files.pythonhosted.org/packages/0f/58/dc12f2cd484951524af6e3382c785869b9b3fb5e52ee95ae23add53ee8f9/protobuf-7.35.1-cp310-abi3-manylinux2014_s390x.whl", hash = "sha256:b73f9489a4b8b1c9cb1f8ed951c736392592edb24b9d6819f36d2e10b171d5b4", size = 344030, upload-time = "2026-06-11T21:55:34.941Z" },
    { url = "https://files.pythonhosted.org/packages/e4/be/5b3cfe508bfab6761414ff944e3366eb13be4fd71efcd69450f89ba39f43/protobuf-7.35.1-cp310-abi3-manylinux2014_x86_64.whl", hash = "sha256:74758715c53d7158fb76caf4f0cfdacc5329a4b1bb994f865d6cf302d413a1c4", size = 327130, upload-time = "2026-06-11T21:55:35.921Z" },
    { url = "https://files.pythonhosted.org/packages/d8/bc/6d6c7ba8709c85f8f2c390b2b118d6fb08a783676a572271851bf45a7d22/protobuf-7.35.1-cp310-abi3-win32.whl", hash = "sha256:353652e4efd0bca5b5fc2656abf8307ef351f0cf938c9eba09f0e09c20a25c30", size = 428945, upload-time = "2026-06-11T21:55:37.034Z" },
    { url = "https://files.pythonhosted.org/packages/0a/19/8d0cb6f20a1ef7b18f1c8986ad5783f22f84cce39c6ce9a6e645ea55192e/protobuf-7.35.1-cp310-abi3-win_amd64.whl", hash = "sha256:230a75ddfc2de4806e56696ce9640c1cdfdb6543b7cfce98d42a4c0a0e7bdb87", size = 439996, upload-time = "2026-06-11T21:55:38.123Z" },
    { url = "https://files.pythonhosted.org/packages/19/c7/5f7c636ec43e0c545e28d1f1db71990108306f7bdcb89f069ba97e428e7f/protobuf-7.35.1-py3-none-any.whl", hash = "sha256:4bc97768d8fe4ad6743c8a19403e314511ed9f6d13205b687e52421c023ac1b9", size = 171659, upload-time = "2026-06-11T21:55:39.155Z" },
]

[[package]]
name = "pygments"
version = "2.20.0"
source = { registry = "https://pypi.org/simple" }
sdist = { url = "https://files.pythonhosted.org/packages/c3/b2/bc9c9196916376152d655522fdcebac55e66de6603a76a02bca1b6414f6c/pygments-2.20.0.tar.gz", hash = "sha256:6757cd03768053ff99f3039c1a36d6c0aa0b263438fcab17520b30a303a82b5f", size = 4955991, upload-time = "2026-03-29T13:29:33.898Z" }
wheels = [
    { url = "https://files.pythonhosted.org/packages/f4/7e/a72dd26f3b0f4f2bf1dd8923c85f7ceb43172af56d63c7383eb62b332364/pygments-2.20.0-py3-none-any.whl", hash = "sha256:81a9e26dd42fd28a23a2d169d86d7ac03b46e2f8b59ed4698fb4785f946d0176", size = 1231151, upload-time = "2026-03-29T13:29:30.038Z" },
]

[[package]]
name = "pytest"
version = "8.4.1"
source = { registry = "https://pypi.org/simple" }
dependencies = [
    { name = "colorama", marker = "sys_platform == 'win32'" },
    { name = "iniconfig" },
    { name = "packaging" },
    { name = "pluggy" },
    { name = "pygments" },
]
sdist = { url = "https://files.pythonhosted.org/packages/08/ba/45911d754e8eba3d5a841a5ce61a65a685ff1798421ac054f85aa8747dfb/pytest-8.4.1.tar.gz", hash = "sha256:7c67fd69174877359ed9371ec3af8a3d2b04741818c51e5e99cc1742251fa93c", size = 1517714, upload-time = "2025-06-18T05:48:06.109Z" }
wheels = [
    { url = "https://files.pythonhosted.org/packages/29/16/c8a903f4c4dffe7a12843191437d7cd8e32751d5de349d45d3fe69544e87/pytest-8.4.1-py3-none-any.whl", hash = "sha256:539c70ba6fcead8e78eebbf1115e8b589e7565830d7d006a8723f19ac8a0afb7", size = 365474, upload-time = "2025-06-18T05:48:03.955Z" },
]

[[package]]
name = "rag-evidence-harness"
version = "0.1.0.dev0"
source = { editable = "." }

[package.optional-dependencies]
telemetry = [
    { name = "openinference-instrumentation" },
    { name = "openinference-semantic-conventions" },
    { name = "opentelemetry-api" },
    { name = "opentelemetry-exporter-otlp-proto-http" },
    { name = "opentelemetry-sdk" },
]

[package.dev-dependencies]
dev = [
    { name = "pytest" },
]

[package.metadata]
requires-dist = [
    { name = "openinference-instrumentation", marker = "extra == 'telemetry'", specifier = "==0.1.54" },
    { name = "openinference-semantic-conventions", marker = "extra == 'telemetry'", specifier = "==0.1.30" },
    { name = "opentelemetry-api", marker = "extra == 'telemetry'", specifier = "==1.43.0" },
    { name = "opentelemetry-exporter-otlp-proto-http", marker = "extra == 'telemetry'", specifier = "==1.43.0" },
    { name = "opentelemetry-sdk", marker = "extra == 'telemetry'", specifier = "==1.43.0" },
]
provides-extras = ["telemetry"]

[package.metadata.requires-dev]
dev = [{ name = "pytest", specifier = "==8.4.1" }]

[[package]]
name = "requests"
version = "2.34.2"
source = { registry = "https://pypi.org/simple" }
dependencies = [
    { name = "certifi" },
    { name = "charset-normalizer" },
    { name = "idna" },
    { name = "urllib3" },
]
sdist = { url = "https://files.pythonhosted.org/packages/ac/c3/e2a2b89f2d3e2179abd6d00ebd70bff6273f37fb3e0cc209f48b39d00cbf/requests-2.34.2.tar.gz", hash = "sha256:f288924cae4e29463698d6d60bc6a4da69c89185ad1e0bcc4104f584e960b9ed", size = 142856, upload-time = "2026-05-14T19:25:27.735Z" }
wheels = [
    { url = "https://files.pythonhosted.org/packages/a0/f4/c67b0b3f1b9245e8d266f0f112c500d50e5b4e83cb6f3b71b6528104182a/requests-2.34.2-py3-none-any.whl", hash = "sha256:2a0d60c172f83ac6ab31e4554906c0f3b3588d37b5cb939b1c061f4907e278e0", size = 73075, upload-time = "2026-05-14T19:25:26.443Z" },
]

[[package]]
name = "typing-extensions"
version = "4.16.0"
source = { registry = "https://pypi.org/simple" }
sdist = { url = "https://files.pythonhosted.org/packages/f6/cc/6253133b5bb138fc3306cebfbda2c520f545d36b5be2c7255cc528bb45d6/typing_extensions-4.16.0.tar.gz", hash = "sha256:dc983d19a509c94dba722ee6abd33940f7c05a89e243c47e907eb4db6f1a43e5", size = 113555, upload-time = "2026-07-02T08:40:05.92Z" }
wheels = [
    { url = "https://files.pythonhosted.org/packages/49/d3/b8441a820a491ddfc024b0b0cf0393375b75ea13866d9c66727e54c2fc80/typing_extensions-4.16.0-py3-none-any.whl", hash = "sha256:481caa481374e813c1b176ada14e97f1f67a4539ce9cfeb3f350d78d6370c2e8", size = 45571, upload-time = "2026-07-02T08:40:04.659Z" },
]

[[package]]
name = "urllib3"
version = "2.7.0"
source = { registry = "https://pypi.org/simple" }
sdist = { url = "https://files.pythonhosted.org/packages/53/0c/06f8b233b8fd13b9e5ee11424ef85419ba0d8ba0b3138bf360be2ff56953/urllib3-2.7.0.tar.gz", hash = "sha256:231e0ec3b63ceb14667c67be60f2f2c40a518cb38b03af60abc813da26505f4c", size = 433602, upload-time = "2026-05-07T16:13:18.596Z" }
wheels = [
    { url = "https://files.pythonhosted.org/packages/7f/3e/5db95bcf282c52709639744ca2a8b149baccf648e39c8cc87553df9eae0c/urllib3-2.7.0-py3-none-any.whl", hash = "sha256:9fb4c81ebbb1ce9531cce37674bbc6f1360472bc18ca9a553ede278ef7276897", size = 131087, upload-time = "2026-05-07T16:13:17.151Z" },
]

[[package]]
name = "wrapt"
version = "2.3.0"
source = { registry = "https://pypi.org/simple" }
sdist = { url = "https://files.pythonhosted.org/packages/2b/b0/c1f5a970721f06b85c0cd5142e0ff8fe067708abd779b0c4f4be7d61d09f/wrapt-2.3.0.tar.gz", hash = "sha256:681a2d0eefd721998f90642762b8e75c2159ec531b20ad5e437245ea7b06a107", size = 131509, upload-time = "2026-07-28T06:06:14.895Z" }
wheels = [
    { url = "https://files.pythonhosted.org/packages/5b/4a/d17a0fad1bf1c5f2c887ff71fef75654141b0880bff71d157d955b5bec3a/wrapt-2.3.0-cp312-cp312-macosx_10_13_x86_64.whl", hash = "sha256:0a45ffae742ce91a16e11cb6c7cd71e7f9994f3cbd283b962ab093f5c6dcf525", size = 82139, upload-time = "2026-07-28T06:04:35.082Z" },
    { url = "https://files.pythonhosted.org/packages/6e/55/51b92daaf6defb57f4dc56bdcce985400f75c6984a03ca5e78ccac717028/wrapt-2.3.0-cp312-cp312-macosx_11_0_arm64.whl", hash = "sha256:69e477046f2237ef0bc6547544ee73008dc764ca26eff44f09e976d221b34d5d", size = 82723, upload-time = "2026-07-28T06:04:36.502Z" },
    { url = "https://files.pythonhosted.org/packages/28/7f/cfd9bc4b1f5e424eeea83d0493e43f3b1b02707ce8e50c47945873982bd5/wrapt-2.3.0-cp312-cp312-manylinux1_x86_64.manylinux_2_28_x86_64.manylinux_2_5_x86_64.whl", hash = "sha256:5d221a6e6ddd302b8397433184e96b59f259f50024b854db1c411a881586b6b8", size = 172381, upload-time = "2026-07-28T06:04:37.674Z" },
    { url = "https://files.pythonhosted.org/packages/cb/89/ff7814f6eb6856b479946117d1138a2fbb46cdb6b1f379db359056c69743/wrapt-2.3.0-cp312-cp312-manylinux2014_aarch64.manylinux_2_17_aarch64.manylinux_2_28_aarch64.whl", hash = "sha256:392158c9a7f2ab1b8699418bfc0fe6f83548788c418b27d7bf2019ad3405cebb", size = 174120, upload-time = "2026-07-28T06:04:38.987Z" },
    { url = "https://files.pythonhosted.org/packages/12/1e/8eded8615d39e3ce81f626937a3a87b280a2a86239a2bf14a4b4bb345034/wrapt-2.3.0-cp312-cp312-manylinux_2_31_riscv64.manylinux_2_39_riscv64.whl", hash = "sha256:e5301c35cf75655eb33498f2bd6ae8703ca19940e3167dc9cdf740c712a39c60", size = 163035, upload-time = "2026-07-28T06:04:40.361Z" },
    { url = "https://files.pythonhosted.org/packages/35/ea/a0af2d9da62897af2a055484920de05dade30d2ba2c0d65cbdea875d3d8b/wrapt-2.3.0-cp312-cp312-musllinux_1_2_aarch64.whl", hash = "sha256:418f54bb09d1762db02c7009b4051149893af3153a87f92d70356703c11eea02", size = 171887, upload-time = "2026-07-28T06:04:41.614Z" },
    { url = "https://files.pythonhosted.org/packages/7e/dd/63cd4c864c65ef4906df64bd2d378f4a62b54f28063f282dfb3bf93caead/wrapt-2.3.0-cp312-cp312-musllinux_1_2_riscv64.whl", hash = "sha256:1598becd30f8f2777d18564064eb4f4dbe1ab0e05a8f09786d0ef505ac782bf3", size = 161113, upload-time = "2026-07-28T06:04:42.864Z" },
    { url = "https://files.pythonhosted.org/packages/ca/ee/82f1fc9e431b5c2c5a6d201aa865dbeae3984c311c6d11a185f0c8367cf6/wrapt-2.3.0-cp312-cp312-musllinux_1_2_x86_64.whl", hash = "sha256:3da470536bf9645143323dd41b32db55c6f4304ad382094c1a1da8a92061e10d", size = 170530, upload-time = "2026-07-28T06:04:44.212Z" },
    { url = "https://files.pythonhosted.org/packages/37/a5/5dc590e863a419930d988f8b7ca3e75a6befcfb10b6003b3a152f3d5f732/wrapt-2.3.0-cp312-cp312-win32.whl", hash = "sha256:fb8e2e6704a1e0b1b989546c69e2688371ef4a07fa5f61bde3eb6211186f5ac1", size = 78323, upload-time = "2026-07-28T06:04:45.484Z" },
    { url = "https://files.pythonhosted.org/packages/51/f9/4a6925a07951df56394f7e6ebe14f69f1c5ef9d87aa63e0839acf15aa63a/wrapt-2.3.0-cp312-cp312-win_amd64.whl", hash = "sha256:cdc021cb0b62471d6aac7f2bd92f3b4658073775f9ee7fcd325c511129e7bcc8", size = 81180, upload-time = "2026-07-28T06:04:47.021Z" },
    { url = "https://files.pythonhosted.org/packages/a8/4f/8b5de0395b2a72216751d41c9861df6facaeb611b619d8810ed2b3b23eb2/wrapt-2.3.0-cp312-cp312-win_arm64.whl", hash = "sha256:67bfe2485f50368c3fcd2275fc1fd100e350d601e0058921a7c82678a465aeab", size = 80155, upload-time = "2026-07-28T06:04:48.373Z" },
    { url = "https://files.pythonhosted.org/packages/00/39/3daf9f47be208606586de4568ba6713db53ebc8fd7a575aea1fe57983b69/wrapt-2.3.0-py3-none-any.whl", hash = "sha256:d8c7ed08477429752b8c44991f40ad7838b18332a160698740a6bfbc10d998a2", size = 61866, upload-time = "2026-07-28T06:06:12.9Z" },
]
